
Microsoft Visual Studio Solution File, Format Version 12.00
# Visual Studio 2014
VisualStudioVersion = 14.0.22823.1
MinimumVisualStudioVersion = 14.0.22823.1
Project("{FAE04EC0-301F-11D3-BF4B-00C04F79EFBC}") = "SqueezeMe", "SqueezeMe\SqueezeMe.csproj", "{116FFD45-E6C1-44B9-A4E3-CF6C0DE11513}"
EndProject
Project("{FAE04EC0-301F-11D3-BF4B-00C04F79EFBC}") = "SampleApp", "SampleApp\SampleApp.csproj", "{2582D136-1FD2-4F77-8983-DB95B8D9B348}"
EndProject
Project("{FAE04EC0-301F-11D3-BF4B-00C04F79EFBC}") = "SqueezeMe.UnitTests", "SqueezeMe.UnitTests\SqueezeMe.UnitTests.csproj", "{1CBC61AF-4BE6-4CE5-923F-746567433121}"
EndProject
Project("{2150E333-8FDC-42A3-9474-1A3956D46DE8}") = "Tests", "Tests", "{448DEB93-C979-4F83-897B-CCA1CEB28E15}"
EndProject
Global
	GlobalSection(SolutionConfigurationPlatforms) = preSolution
		Debug|Any CPU = Debug|Any CPU
		Release|Any CPU = Release|Any CPU
	EndGlobalSection
	GlobalSection(ProjectConfigurationPlatforms) = postSolution
		{116FFD45-E6C1-44B9-A4E3-CF6C0DE11513}.Debug|Any CPU.ActiveCfg = Debug|Any CPU
		{116FFD45-E6C1-44B9-A4E3-CF6C0DE11513}.Debug|Any CPU.Build.0 = Debug|Any CPU
		{116FFD45-E6C1-44B9-A4E3-CF6C0DE11513}.Release|Any CPU.ActiveCfg = Release|Any CPU
		{116FFD45-E6C1-44B9-A4E3-CF6C0DE11513}.Release|Any CPU.Build.0 = Release|Any CPU
		{2582D136-1FD2-4F77-8983-DB95B8D9B348}.Debug|Any CPU.ActiveCfg = Debug|Any CPU
		{2582D136-1FD2-4F77-8983-DB95B8D9B348}.Debug|Any CPU.Build.0 = Debug|Any CPU
		{2582D136-1FD2-4F77-8983-DB95B8D9B348}.Release|Any CPU.ActiveCfg = Release|Any CPU
		{2582D136-1FD2-4F77-8983-DB95B8D9B348}.Release|Any CPU.Build.0 = Release|Any CPU
		{1CBC61AF-4BE6-4CE5-923F-746567433121}.Debug|Any CPU.ActiveCfg = Debug|Any CPU
		{1CBC61AF-4BE6-4CE5-923F-746567433121}.Debug|Any CPU.Build.0 = Debug|Any CPU
		{1CBC61AF-4BE6-4CE5-923F-746567433121}.Release|Any CPU.ActiveCfg = Release|Any CPU
		{1CBC61AF-4BE6-4CE5-923F-746567433121}.Release|Any CPU.Build.0 = Release|Any CPU
	EndGlobalSection
	GlobalSection(SolutionProperties) = preSolution
		HideSolutionNode = FALSE
	EndGlobalSection
	GlobalSection(NestedProjects) = preSolution
		{1CBC61AF-4BE6-4CE5-923F-746567433121} = {448DEB93-C979-4F83-897B-CCA1CEB28E15}
	EndGlobalSection
EndGlobal
